
Microsoft Visual Studio Solution File, Format Version 12.00
# Visual Studio Version 16
VisualStudioVersion = 16.0.29001.49
MinimumVisualStudioVersion = 10.0.40219.1
Project("{9A19103F-16F7-4668-BE54-9A1E7A4F7556}") = "ASP_CORE_REACT", "ASP_CORE_REACT\ASP_CORE_REACT.csproj", "{4A6B7C24-4AA2-4518-8442-574205DFDF28}"
EndProject
Project("{FAE04EC0-301F-11D3-BF4B-00C04F79EFBC}") = "XUnitTests", "XUnitTests\XUnitTests.csproj", "{FE797F1B-9E95-4AB8-9D54-11223F8DD388}"
EndProject
Global
	GlobalSection(SolutionConfigurationPlatforms) = preSolution
		Debug|Any CPU = Debug|Any CPU
		Release|Any CPU = Release|Any CPU
	EndGlobalSection
	GlobalSection(ProjectConfigurationPlatforms) = postSolution
		{4A6B7C24-4AA2-4518-8442-574205DFDF28}.Debug|Any CPU.ActiveCfg = Debug|Any CPU
		{4A6B7C24-4AA2-4518-8442-574205DFDF28}.Debug|Any CPU.Build.0 = Debug|Any CPU
		{4A6B7C24-4AA2-4518-8442-574205DFDF28}.Release|Any CPU.ActiveCfg = Release|Any CPU
		{4A6B7C24-4AA2-4518-8442-574205DFDF28}.Release|Any CPU.Build.0 = Release|Any CPU
		{FE797F1B-9E95-4AB8-9D54-11223F8DD388}.Debug|Any CPU.ActiveCfg = Debug|Any CPU
		{FE797F1B-9E95-4AB8-9D54-11223F8DD388}.Debug|Any CPU.Build.0 = Debug|Any CPU
		{FE797F1B-9E95-4AB8-9D54-11223F8DD388}.Release|Any CPU.ActiveCfg = Release|Any CPU
		{FE797F1B-9E95-4AB8-9D54-11223F8DD388}.Release|Any CPU.Build.0 = Release|Any CPU
	EndGlobalSection
	GlobalSection(SolutionProperties) = preSolution
		HideSolutionNode = FALSE
	EndGlobalSection
	GlobalSection(ExtensibilityGlobals) = postSolution
		SolutionGuid = {88AFBC07-6A01-422C-A86C-4A1F0FB6C02B}
	EndGlobalSection
EndGlobal
